
Microsoft Visual Studio Solution File, Format Version 12.00
# Visual Studio Version 16
VisualStudioVersion = 16.0.29926.136
MinimumVisualStudioVersion = 10.0.40219.1
Project("{FAE04EC0-301F-11D3-BF4B-00C04F79EFBC}") = "CppSwagger", "CppSwagger\CppSwagger.csproj", "{6EDB68E6-734C-4B8E-B224-E0FE959F0256}"
EndProject
Project("{FAE04EC0-301F-11D3-BF4B-00C04F79EFBC}") = "CppSwaggerTesting", "CppSwaggerTesting\CppSwaggerTesting.csproj", "{8E287BD6-36F1-4E25-82B6-FDCFD468AA55}"
EndProject
Global
	GlobalSection(SolutionConfigurationPlatforms) = preSolution
		Debug|Any CPU = Debug|Any CPU
		Release|Any CPU = Release|Any CPU
	EndGlobalSection
	GlobalSection(ProjectConfigurationPlatforms) = postSolution
		{6EDB68E6-734C-4B8E-B224-E0FE959F0256}.Debug|Any CPU.ActiveCfg = Debug|Any CPU
		{6EDB68E6-734C-4B8E-B224-E0FE959F0256}.Debug|Any CPU.Build.0 = Debug|Any CPU
		{6EDB68E6-734C-4B8E-B224-E0FE959F0256}.Release|Any CPU.ActiveCfg = Release|Any CPU
		{6EDB68E6-734C-4B8E-B224-E0FE959F0256}.Release|Any CPU.Build.0 = Release|Any CPU
		{8E287BD6-36F1-4E25-82B6-FDCFD468AA55}.Debug|Any CPU.ActiveCfg = Debug|Any CPU
		{8E287BD6-36F1-4E25-82B6-FDCFD468AA55}.Debug|Any CPU.Build.0 = Debug|Any CPU
		{8E287BD6-36F1-4E25-82B6-FDCFD468AA55}.Release|Any CPU.ActiveCfg = Release|Any CPU
		{8E287BD6-36F1-4E25-82B6-FDCFD468AA55}.Release|Any CPU.Build.0 = Release|Any CPU
	EndGlobalSection
	GlobalSection(SolutionProperties) = preSolution
		HideSolutionNode = FALSE
	EndGlobalSection
	GlobalSection(ExtensibilityGlobals) = postSolution
		SolutionGuid = {E2C89056-2F0F-4850-9FA8-F4DB5DAABB50}
	EndGlobalSection
EndGlobal
